PODS:
  - device_info (0.0.1):
    - Flutter
  - Firebase/AdMob (4.13.0):
    - Firebase/Core
    - Google-Mobile-Ads-SDK (= 7.30.0)
  - Firebase/Core (4.13.0):
    - FirebaseAnalytics (= 4.2.0)
    - FirebaseCore (= 4.0.20)
  - firebase_admob (0.0.1):
    - Firebase/AdMob
    - Firebase/Core
    - Flutter
  - firebase_core (0.0.1):
    - Firebase/Core
    - Flutter
  - FirebaseAnalytics (4.2.0):
    - FirebaseCore (~> 4.0)
    - FirebaseInstanceID (~> 2.0)
    - GoogleToolboxForMac/NSData+zlib (~> 2.1)
    - nanopb (~> 0.3)
  - FirebaseCore (4.0.20):
    - GoogleToolboxForMac/NSData+zlib (~> 2.1)
  - FirebaseInstanceID (2.0.10):
    - FirebaseCore (~> 4.0)
  - Flutter (1.0.0)
  - get_version (0.0.1):
    - Flutter
  - Google-Mobile-Ads-SDK (7.30.0)
  - GoogleToolboxForMac/Defines (2.1.4)
  - GoogleToolboxForMac/NSData+zlib (2.1.4):
    - GoogleToolboxForMac/Defines (= 2.1.4)
  - nanopb (0.3.8):
    - nanopb/decode (= 0.3.8)
    - nanopb/encode (= 0.3.8)
  - nanopb/decode (0.3.8)
  - nanopb/encode (0.3.8)
  - share (0.0.1):
    - Flutter
  - url_launcher (0.0.1):
    - Flutter

DEPENDENCIES:
  - device_info (from `Pods/.symlinks/plugins/device_info-0.2.0/ios`)
  - firebase_admob (from `Pods/.symlinks/plugins/firebase_admob-0.5.3/ios`)
  - firebase_core (from `Pods/.symlinks/plugins/firebase_core-0.2.3/ios`)
  - Flutter (from `Pods/.symlinks/flutter/ios`)
  - get_version (from `Pods/.symlinks/plugins/get_version-38c89f9cb4906651f557aa65aabfa49b8ad78f57/ios`)
  - share (from `Pods/.symlinks/plugins/share-0.4.0/ios`)
  - url_launcher (from `Pods/.symlinks/plugins/url_launcher-3.0.0/ios`)

EXTERNAL SOURCES:
  device_info:
    :path: Pods/.symlinks/plugins/device_info-0.2.0/ios
  firebase_admob:
    :path: Pods/.symlinks/plugins/firebase_admob-0.5.3/ios
  firebase_core:
    :path: Pods/.symlinks/plugins/firebase_core-0.2.3/ios
  Flutter:
    :path: Pods/.symlinks/flutter/ios
  get_version:
    :path: Pods/.symlinks/plugins/get_version-38c89f9cb4906651f557aa65aabfa49b8ad78f57/ios
  share:
    :path: Pods/.symlinks/plugins/share-0.4.0/ios
  url_launcher:
    :path: Pods/.symlinks/plugins/url_launcher-3.0.0/ios

SPEC CHECKSUMS:
  device_info: 76ce0b32e13034d1883be4a382433648f9dcee63
  Firebase: 5ec5e863d269d82d66b4bf56856726f8fb8f0fb3
  firebase_admob: b8cc46113ddf88a62fec340e9446607a5061a872
  firebase_core: c96aa8b2fcf7f5167d32f22034f502f9304952b8
  FirebaseAnalytics: 7ef69e76a5142f643aeb47c780e1cdce4e23632e
  FirebaseCore: 90cb1c53d69b556f112a1bf72b5fcfaad7650790
  FirebaseInstanceID: 8d20d890d65c917f9f7d9950b6e10a760ad34321
  Flutter: 9d0fac939486c9aba2809b7982dfdbb47a7b0296
  get_version: a59b7bd8fbf7543739bd853218b6685899419d05
  Google-Mobile-Ads-SDK: 7404f68120ae8682afeb5af001fbf4aad731c78e
  GoogleToolboxForMac: 91c824d21e85b31c2aae9bb011c5027c9b4e738f
  nanopb: 5601e6bca2dbf1ed831b519092ec110f66982ca3
  share: 8d04605548e55f7ce4ebb7b3e933f3c85028c9cf
  url_launcher: 92b89c1029a0373879933c21642958c874539095

PODFILE CHECKSUM: 70e69985f01fdaffe3180d3ae5e73472304a9371

COCOAPODS: 1.4.0
