PODS:
  - Firebase/Core (4.8.0):
    - FirebaseAnalytics (= 4.0.5)
    - FirebaseCore (= 4.0.13)
  - Firebase/Messaging (4.8.0):
    - Firebase/Core
    - FirebaseMessaging (= 2.0.8)
  - firebase_analytics (0.0.1):
    - Firebase/Core
    - Flutter
  - firebase_messaging (0.0.1):
    - Firebase/Core
    - Firebase/Messaging
    - Flutter
  - FirebaseAnalytics (4.0.5):
    - FirebaseCore (~> 4.0)
    - FirebaseInstanceID (~> 2.0)
    - GoogleToolboxForMac/NSData+zlib (~> 2.1)
    - nanopb (~> 0.3)
  - FirebaseCore (4.0.13):
    - GoogleToolboxForMac/NSData+zlib (~> 2.1)
  - FirebaseInstanceID (2.0.8):
    - FirebaseCore (~> 4.0)
  - FirebaseMessaging (2.0.8):
    - FirebaseAnalytics (~> 4.0)
    - FirebaseCore (~> 4.0)
    - FirebaseInstanceID (~> 2.0)
    - GoogleToolboxForMac/Logger (~> 2.1)
    - Protobuf (~> 3.1)
  - Flutter (1.0.0)
  - GoogleToolboxForMac/Defines (2.1.3)
  - GoogleToolboxForMac/Logger (2.1.3):
    - GoogleToolboxForMac/Defines (= 2.1.3)
  - GoogleToolboxForMac/NSData+zlib (2.1.3):
    - GoogleToolboxForMac/Defines (= 2.1.3)
<<<<<<< HEAD
  - local_notifications (0.0.1):
=======
  - image_picker (0.0.1):
>>>>>>> 09b42ac74a1f64559ef21c97f1891a2b0f87e479
    - Flutter
  - nanopb (0.3.8):
    - nanopb/decode (= 0.3.8)
    - nanopb/encode (= 0.3.8)
  - nanopb/decode (0.3.8)
  - nanopb/encode (0.3.8)
  - Protobuf (3.5.0)
  - share (0.0.1):
    - Flutter
  - url_launcher (0.0.1):
    - Flutter

DEPENDENCIES:
  - firebase_analytics (from `Pods/.symlinks/plugins/firebase_analytics-0.3.0/ios`)
  - firebase_messaging (from `Pods/.symlinks/plugins/firebase_messaging-0.2.1/ios`)
  - Flutter (from `Pods/.symlinks/flutter/ios`)
<<<<<<< HEAD
  - local_notifications (from `Pods/.symlinks/plugins/local_notifications-0.0.1/ios`)
=======
  - image_picker (from `Pods/.symlinks/plugins/image_picker-0.1.1/ios`)
>>>>>>> 09b42ac74a1f64559ef21c97f1891a2b0f87e479
  - share (from `Pods/.symlinks/plugins/share-0.4.0/ios`)
  - url_launcher (from `Pods/.symlinks/plugins/url_launcher-3.0.0/ios`)

EXTERNAL SOURCES:
  firebase_analytics:
    :path: Pods/.symlinks/plugins/firebase_analytics-0.3.0/ios
  firebase_messaging:
    :path: Pods/.symlinks/plugins/firebase_messaging-0.2.1/ios
  Flutter:
    :path: Pods/.symlinks/flutter/ios
<<<<<<< HEAD
  local_notifications:
    :path: Pods/.symlinks/plugins/local_notifications-0.0.1/ios
=======
  image_picker:
    :path: Pods/.symlinks/plugins/image_picker-0.1.1/ios
>>>>>>> 09b42ac74a1f64559ef21c97f1891a2b0f87e479
  share:
    :path: Pods/.symlinks/plugins/share-0.4.0/ios
  url_launcher:
    :path: Pods/.symlinks/plugins/url_launcher-3.0.0/ios

SPEC CHECKSUMS:
  Firebase: 710decbbc6d9d48530e9a5dba3209740c3532e05
<<<<<<< HEAD
  firebase_messaging: cd056e1b7baf9adddec56402c3de4158aac3c5fa
=======
  firebase_analytics: 38f3b57e9073fbf57dc6f3704ad993ce8ed509e8
  firebase_messaging: 9bb8e317daa678ff7f5c59887ea11eca518de21c
>>>>>>> 09b42ac74a1f64559ef21c97f1891a2b0f87e479
  FirebaseAnalytics: 5b02a63ead2c3f0259cfc7f15e053e440587ecf8
  FirebaseCore: 3c02ec652db3d03fdc8bc6d9154af3e20d64b6f5
  FirebaseInstanceID: 81df5805a08001e69138664bdd02c6719a9ac80f
  FirebaseMessaging: dfdcd307c2382290a1e297a81d0f18370f5b1bcd
  Flutter: 9d0fac939486c9aba2809b7982dfdbb47a7b0296
  GoogleToolboxForMac: 2501e2ad72a52eb3dfe7bd9aee7dad11b858bd20
<<<<<<< HEAD
  local_notifications: af1664b4f99603a346f2fa5ff6e9b2a322ed00b3
=======
  image_picker: a211f28b95a560433c00f5cd3773f4710a20404d
>>>>>>> 09b42ac74a1f64559ef21c97f1891a2b0f87e479
  nanopb: 5601e6bca2dbf1ed831b519092ec110f66982ca3
  Protobuf: 8a9838fba8dae3389230e1b7f8c104aa32389c03
  share: 8d04605548e55f7ce4ebb7b3e933f3c85028c9cf
  url_launcher: 92b89c1029a0373879933c21642958c874539095

PODFILE CHECKSUM: 2b8c68eeddaf80fb22c6f653fa1da069ed04ef77

COCOAPODS: 1.4.0
